
Microsoft Visual Studio Solution File, Format Version 12.00
# Visual Studio Version 17
VisualStudioVersion = 17.0.31903.59
MinimumVisualStudioVersion = 10.0.40219.1
Project("{FAE04EC0-301F-11D3-BF4B-00C04F79EFBC}") = "ChatSupport.API", "ChatSupport.API\ChatSupport.API.csproj", "{C9AA44FA-DCEC-4710-9FFD-5CB717901730}"
EndProject
Project("{FAE04EC0-301F-11D3-BF4B-00C04F79EFBC}") = "ChatSupport.Tests", "ChatSupport.Tests\ChatSupport.Tests.csproj", "{9A0C0095-3BAE-4E81-A98A-85D11CAD3D90}"
EndProject
Project("{FAE04EC0-301F-11D3-BF4B-00C04F79EFBC}") = "ChatSupport.Domain", "ChatSupport.Domain\ChatSupport.Domain.csproj", "{8B054767-6E44-4852-8D3C-4B69BD60B030}"
EndProject
Project("{FAE04EC0-301F-11D3-BF4B-00C04F79EFBC}") = "ChatSupport.Application", "ChatSupport.Application\ChatSupport.Application.csproj", "{BDE3D0A2-4226-4DC9-BEA8-3AF38C82190D}"
EndProject
Global
	GlobalSection(SolutionConfigurationPlatforms) = preSolution
		Debug|Any CPU = Debug|Any CPU
		Debug|x64 = Debug|x64
		Debug|x86 = Debug|x86
		Release|Any CPU = Release|Any CPU
		Release|x64 = Release|x64
		Release|x86 = Release|x86
	EndGlobalSection
	GlobalSection(ProjectConfigurationPlatforms) = postSolution
		{C9AA44FA-DCEC-4710-9FFD-5CB717901730}.Debug|Any CPU.ActiveCfg = Debug|Any CPU
		{C9AA44FA-DCEC-4710-9FFD-5CB717901730}.Debug|Any CPU.Build.0 = Debug|Any CPU
		{C9AA44FA-DCEC-4710-9FFD-5CB717901730}.Debug|x64.ActiveCfg = Debug|Any CPU
		{C9AA44FA-DCEC-4710-9FFD-5CB717901730}.Debug|x64.Build.0 = Debug|Any CPU
		{C9AA44FA-DCEC-4710-9FFD-5CB717901730}.Debug|x86.ActiveCfg = Debug|Any CPU
		{C9AA44FA-DCEC-4710-9FFD-5CB717901730}.Debug|x86.Build.0 = Debug|Any CPU
		{C9AA44FA-DCEC-4710-9FFD-5CB717901730}.Release|Any CPU.ActiveCfg = Release|Any CPU
		{C9AA44FA-DCEC-4710-9FFD-5CB717901730}.Release|Any CPU.Build.0 = Release|Any CPU
		{C9AA44FA-DCEC-4710-9FFD-5CB717901730}.Release|x64.ActiveCfg = Release|Any CPU
		{C9AA44FA-DCEC-4710-9FFD-5CB717901730}.Release|x64.Build.0 = Release|Any CPU
		{C9AA44FA-DCEC-4710-9FFD-5CB717901730}.Release|x86.ActiveCfg = Release|Any CPU
		{C9AA44FA-DCEC-4710-9FFD-5CB717901730}.Release|x86.Build.0 = Release|Any CPU
		{9A0C0095-3BAE-4E81-A98A-85D11CAD3D90}.Debug|Any CPU.ActiveCfg = Debug|Any CPU
		{9A0C0095-3BAE-4E81-A98A-85D11CAD3D90}.Debug|Any CPU.Build.0 = Debug|Any CPU
		{9A0C0095-3BAE-4E81-A98A-85D11CAD3D90}.Debug|x64.ActiveCfg = Debug|Any CPU
		{9A0C0095-3BAE-4E81-A98A-85D11CAD3D90}.Debug|x64.Build.0 = Debug|Any CPU
		{9A0C0095-3BAE-4E81-A98A-85D11CAD3D90}.Debug|x86.ActiveCfg = Debug|Any CPU
		{9A0C0095-3BAE-4E81-A98A-85D11CAD3D90}.Debug|x86.Build.0 = Debug|Any CPU
		{9A0C0095-3BAE-4E81-A98A-85D11CAD3D90}.Release|Any CPU.ActiveCfg = Release|Any CPU
		{9A0C0095-3BAE-4E81-A98A-85D11CAD3D90}.Release|Any CPU.Build.0 = Release|Any CPU
		{9A0C0095-3BAE-4E81-A98A-85D11CAD3D90}.Release|x64.ActiveCfg = Release|Any CPU
		{9A0C0095-3BAE-4E81-A98A-85D11CAD3D90}.Release|x64.Build.0 = Release|Any CPU
		{9A0C0095-3BAE-4E81-A98A-85D11CAD3D90}.Release|x86.ActiveCfg = Release|Any CPU
		{9A0C0095-3BAE-4E81-A98A-85D11CAD3D90}.Release|x86.Build.0 = Release|Any CPU
		{8B054767-6E44-4852-8D3C-4B69BD60B030}.Debug|Any CPU.ActiveCfg = Debug|Any CPU
		{8B054767-6E44-4852-8D3C-4B69BD60B030}.Debug|Any CPU.Build.0 = Debug|Any CPU
		{8B054767-6E44-4852-8D3C-4B69BD60B030}.Debug|x64.ActiveCfg = Debug|Any CPU
		{8B054767-6E44-4852-8D3C-4B69BD60B030}.Debug|x64.Build.0 = Debug|Any CPU
		{8B054767-6E44-4852-8D3C-4B69BD60B030}.Debug|x86.ActiveCfg = Debug|Any CPU
		{8B054767-6E44-4852-8D3C-4B69BD60B030}.Debug|x86.Build.0 = Debug|Any CPU
		{8B054767-6E44-4852-8D3C-4B69BD60B030}.Release|Any CPU.ActiveCfg = Release|Any CPU
		{8B054767-6E44-4852-8D3C-4B69BD60B030}.Release|Any CPU.Build.0 = Release|Any CPU
		{8B054767-6E44-4852-8D3C-4B69BD60B030}.Release|x64.ActiveCfg = Release|Any CPU
		{8B054767-6E44-4852-8D3C-4B69BD60B030}.Release|x64.Build.0 = Release|Any CPU
		{8B054767-6E44-4852-8D3C-4B69BD60B030}.Release|x86.ActiveCfg = Release|Any CPU
		{8B054767-6E44-4852-8D3C-4B69BD60B030}.Release|x86.Build.0 = Release|Any CPU
		{BDE3D0A2-4226-4DC9-BEA8-3AF38C82190D}.Debug|Any CPU.ActiveCfg = Debug|Any CPU
		{BDE3D0A2-4226-4DC9-BEA8-3AF38C82190D}.Debug|Any CPU.Build.0 = Debug|Any CPU
		{BDE3D0A2-4226-4DC9-BEA8-3AF38C82190D}.Debug|x64.ActiveCfg = Debug|Any CPU
		{BDE3D0A2-4226-4DC9-BEA8-3AF38C82190D}.Debug|x64.Build.0 = Debug|Any CPU
		{BDE3D0A2-4226-4DC9-BEA8-3AF38C82190D}.Debug|x86.ActiveCfg = Debug|Any CPU
		{BDE3D0A2-4226-4DC9-BEA8-3AF38C82190D}.Debug|x86.Build.0 = Debug|Any CPU
		{BDE3D0A2-4226-4DC9-BEA8-3AF38C82190D}.Release|Any CPU.ActiveCfg = Release|Any CPU
		{BDE3D0A2-4226-4DC9-BEA8-3AF38C82190D}.Release|Any CPU.Build.0 = Release|Any CPU
		{BDE3D0A2-4226-4DC9-BEA8-3AF38C82190D}.Release|x64.ActiveCfg = Release|Any CPU
		{BDE3D0A2-4226-4DC9-BEA8-3AF38C82190D}.Release|x64.Build.0 = Release|Any CPU
		{BDE3D0A2-4226-4DC9-BEA8-3AF38C82190D}.Release|x86.ActiveCfg = Release|Any CPU
		{BDE3D0A2-4226-4DC9-BEA8-3AF38C82190D}.Release|x86.Build.0 = Release|Any CPU
	EndGlobalSection
	GlobalSection(SolutionProperties) = preSolution
		HideSolutionNode = FALSE
	EndGlobalSection
EndGlobal
